
Microsoft Visual Studio Solution File, Format Version 12.00
# Visual Studio Version 17
VisualStudioVersion = 17.8.34408.163
MinimumVisualStudioVersion = 10.0.40219.1
Project("{FAE04EC0-301F-11D3-BF4B-00C04F79EFBC}") = "JW_Web_Token", "JW_Web_Token\JW_Web_Token.csproj", "{B5C19843-AE66-40F4-BD68-0455B3A1C4BC}"
EndProject
Global
	GlobalSection(SolutionConfigurationPlatforms) = preSolution
		Debug|Any CPU = Debug|Any CPU
		Release|Any CPU = Release|Any CPU
	EndGlobalSection
	GlobalSection(ProjectConfigurationPlatforms) = postSolution
		{B5C19843-AE66-40F4-BD68-0455B3A1C4BC}.Debug|Any CPU.ActiveCfg = Debug|Any CPU
		{B5C19843-AE66-40F4-BD68-0455B3A1C4BC}.Debug|Any CPU.Build.0 = Debug|Any CPU
		{B5C19843-AE66-40F4-BD68-0455B3A1C4BC}.Release|Any CPU.ActiveCfg = Release|Any CPU
		{B5C19843-AE66-40F4-BD68-0455B3A1C4BC}.Release|Any CPU.Build.0 = Release|Any CPU
	EndGlobalSection
	GlobalSection(SolutionProperties) = preSolution
		HideSolutionNode = FALSE
	EndGlobalSection
	GlobalSection(ExtensibilityGlobals) = postSolution
		SolutionGuid = {EC866B8C-AEEA-4A39-9842-2A78F3C7075A}
	EndGlobalSection
EndGlobal
